// !$*UTF8*$!
{
	archiveVersion = 1;
	classes = {
	};
	objectVersion = 55;
	objects = {

/* Begin PBXBuildFile section */
		C103DBFF287BA44E00BCF202 /* AppDelegate.swift in Sources */ = {isa = PBXBuildFile; fileRef = C103DBFE287BA44E00BCF202 /* AppDelegate.swift */; };
		C103DC01287BA44E00BCF202 /* SceneDelegate.swift in Sources */ = {isa = PBXBuildFile; fileRef = C103DC00287BA44E00BCF202 /* SceneDelegate.swift */; };
		C103DC03287BA44E00BCF202 /* ViewController.swift in Sources */ = {isa = PBXBuildFile; fileRef = C103DC02287BA44E00BCF202 /* ViewController.swift */; };
		C103DC06287BA44E00BCF202 /* Main.storyboard in Resources */ = {isa = PBXBuildFile; fileRef = C103DC04287BA44E00BCF202 /* Main.storyboard */; };
		C103DC08287BA44E00BCF202 /* Assets.xcassets in Resources */ = {isa = PBXBuildFile; fileRef = C103DC07287BA44E00BCF202 /* Assets.xcassets */; };
		C103DC0B287BA44E00BCF202 /* LaunchScreen.storyboard in Resources */ = {isa = PBXBuildFile; fileRef = C103DC09287BA44E00BCF202 /* LaunchScreen.storyboard */; };
		C15A8684287FA5BB00FABE0E /* ImageViewController.swift in Sources */ = {isa = PBXBuildFile; fileRef = C15A8683287FA5BB00FABE0E /* ImageViewController.swift */; };
		C15A8686287FA68100FABE0E /* Setting.storyboard in Resources */ = {isa = PBXBuildFile; fileRef = C15A8685287FA68100FABE0E /* Setting.storyboard */; };
		C15A8688287FA82600FABE0E /* Search.storyboard in Resources */ = {isa = PBXBuildFile; fileRef = C15A8687287FA82600FABE0E /* Search.storyboard */; };
		C15A868B287FAEDA00FABE0E /* SideMenu in Frameworks */ = {isa = PBXBuildFile; productRef = C15A868A287FAEDA00FABE0E /* SideMenu */; };
		C15A868E287FAF5800FABE0E /* FSCalendar in Frameworks */ = {isa = PBXBuildFile; productRef = C15A868D287FAF5800FABE0E /* FSCalendar */; };
		C15A8691287FAFC700FABE0E /* TextFieldEffects in Frameworks */ = {isa = PBXBuildFile; productRef = C15A8690287FAFC700FABE0E /* TextFieldEffects */; };
		C15A8694287FBE4900FABE0E /* IQKeyboardManagerSwift in Frameworks */ = {isa = PBXBuildFile; productRef = C15A8693287FBE4900FABE0E /* IQKeyboardManagerSwift */; };
		C15A8696287FC2C300FABE0E /* SettingViewController.swift in Sources */ = {isa = PBXBuildFile; fileRef = C15A8695287FC2C300FABE0E /* SettingViewController.swift */; };
		C1B7EAD0287FF249000F422E /* CalculViewController.swift in Sources */ = {isa = PBXBuildFile; fileRef = C1B7EACF287FF249000F422E /* CalculViewController.swift */; };
		C1EF2D45287D066D008E0516 /* StackViewController.swift in Sources */ = {isa = PBXBuildFile; fileRef = C1EF2D44287D066D008E0516 /* StackViewController.swift */; };
		C1EF2D49287D213A008E0516 /* SegmentedViewController.swift in Sources */ = {isa = PBXBuildFile; fileRef = C1EF2D48287D213A008E0516 /* SegmentedViewController.swift */; };
/* End PBXBuildFile section */

/* Begin PBXFileReference section */
		C103DBFB287BA44E00BCF202 /* SeSACWeek2.app */ = {isa = PBXFileReference; explicitFileType = wrapper.application; includeInIndex = 0; path = SeSACWeek2.app; sourceTree = BUILT_PRODUCTS_DIR; };
		C103DBFE287BA44E00BCF202 /* AppDelegate.swift */ = {isa = PBXFileReference; lastKnownFileType = sourcecode.swift; path = AppDelegate.swift; sourceTree = "<group>"; };
		C103DC00287BA44E00BCF202 /* SceneDelegate.swift */ = {isa = PBXFileReference; lastKnownFileType = sourcecode.swift; path = SceneDelegate.swift; sourceTree = "<group>"; };
		C103DC02287BA44E00BCF202 /* ViewController.swift */ = {isa = PBXFileReference; lastKnownFileType = sourcecode.swift; path = ViewController.swift; sourceTree = "<group>"; };
		C103DC05287BA44E00BCF202 /* Base */ = {isa = PBXFileReference; lastKnownFileType = file.storyboard; name = Base; path = Base.lproj/Main.storyboard; sourceTree = "<group>"; };
		C103DC07287BA44E00BCF202 /* Assets.xcassets */ = {isa = PBXFileReference; lastKnownFileType = folder.assetcatalog; path = Assets.xcassets; sourceTree = "<group>"; };
		C103DC0A287BA44E00BCF202 /* Base */ = {isa = PBXFileReference; lastKnownFileType = file.storyboard; name = Base; path = Base.lproj/LaunchScreen.storyboard; sourceTree = "<group>"; };
		C103DC0C287BA44E00BCF202 /* Info.plist */ = {isa = PBXFileReference; lastKnownFileType = text.plist.xml; path = Info.plist; sourceTree = "<group>"; };
		C15A8683287FA5BB00FABE0E /* ImageViewController.swift */ = {isa = PBXFileReference; lastKnownFileType = sourcecode.swift; path = ImageViewController.swift; sourceTree = "<group>"; };
		C15A8685287FA68100FABE0E /* Setting.storyboard */ = {isa = PBXFileReference; lastKnownFileType = file.storyboard; path = Setting.storyboard; sourceTree = "<group>"; };
		C15A8687287FA82600FABE0E /* Search.storyboard */ = {isa = PBXFileReference; lastKnownFileType = file.storyboard; path = Search.storyboard; sourceTree = "<group>"; };
		C15A8695287FC2C300FABE0E /* SettingViewController.swift */ = {isa = PBXFileReference; lastKnownFileType = sourcecode.swift; path = SettingViewController.swift; sourceTree = "<group>"; };
		C1B7EACF287FF249000F422E /* CalculViewController.swift */ = {isa = PBXFileReference; lastKnownFileType = sourcecode.swift; path = CalculViewController.swift; sourceTree = "<group>"; };
		C1EF2D44287D066D008E0516 /* StackViewController.swift */ = {isa = PBXFileReference; lastKnownFileType = sourcecode.swift; path = StackViewController.swift; sourceTree = "<group>"; };
		C1EF2D48287D213A008E0516 /* SegmentedViewController.swift */ = {isa = PBXFileReference; lastKnownFileType = sourcecode.swift; path = SegmentedViewController.swift; sourceTree = "<group>"; };
/* End PBXFileReference section */

/* Begin PBXFrameworksBuildPhase section */
		C103DBF8287BA44E00BCF202 /* Frameworks */ = {
			isa = PBXFrameworksBuildPhase;
			buildActionMask = 2147483647;
			files = (
				C15A8691287FAFC700FABE0E /* TextFieldEffects in Frameworks */,
				C15A8694287FBE4900FABE0E /* IQKeyboardManagerSwift in Frameworks */,
				C15A868B287FAEDA00FABE0E /* SideMenu in Frameworks */,
				C15A868E287FAF5800FABE0E /* FSCalendar in Frameworks */,
			);
			runOnlyForDeploymentPostprocessing = 0;
		};
/* End PBXFrameworksBuildPhase section */

/* Begin PBXGroup section */
		C103DBF2287BA44E00BCF202 = {
			isa = PBXGroup;
			children = (
				C103DBFD287BA44E00BCF202 /* SeSACWeek2 */,
				C103DBFC287BA44E00BCF202 /* Products */,
			);
			sourceTree = "<group>";
		};
		C103DBFC287BA44E00BCF202 /* Products */ = {
			isa = PBXGroup;
			children = (
				C103DBFB287BA44E00BCF202 /* SeSACWeek2.app */,
			);
			name = Products;
			sourceTree = "<group>";
		};
		C103DBFD287BA44E00BCF202 /* SeSACWeek2 */ = {
			isa = PBXGroup;
			children = (
				C103DBFE287BA44E00BCF202 /* AppDelegate.swift */,
				C103DC00287BA44E00BCF202 /* SceneDelegate.swift */,
				C103DC02287BA44E00BCF202 /* ViewController.swift */,
				C103DC04287BA44E00BCF202 /* Main.storyboard */,
				C15A8685287FA68100FABE0E /* Setting.storyboard */,
				C15A8687287FA82600FABE0E /* Search.storyboard */,
				C15A8683287FA5BB00FABE0E /* ImageViewController.swift */,
				C15A8695287FC2C300FABE0E /* SettingViewController.swift */,
				C103DC07287BA44E00BCF202 /* Assets.xcassets */,
				C103DC09287BA44E00BCF202 /* LaunchScreen.storyboard */,
				C103DC0C287BA44E00BCF202 /* Info.plist */,
				C1EF2D44287D066D008E0516 /* StackViewController.swift */,
				C1EF2D48287D213A008E0516 /* SegmentedViewController.swift */,
				C1B7EACF287FF249000F422E /* CalculViewController.swift */,
			);
			path = SeSACWeek2;
			sourceTree = "<group>";
		};
/* End PBXGroup section */

/* Begin PBXNativeTarget section */
		C103DBFA287BA44E00BCF202 /* SeSACWeek2 */ = {
			isa = PBXNativeTarget;
			buildConfigurationList = C103DC0F287BA44E00BCF202 /* Build configuration list for PBXNativeTarget "SeSACWeek2" */;
			buildPhases = (
				C103DBF7287BA44E00BCF202 /* Sources */,
				C103DBF8287BA44E00BCF202 /* Frameworks */,
				C103DBF9287BA44E00BCF202 /* Resources */,
			);
			buildRules = (
			);
			dependencies = (
			);
			name = SeSACWeek2;
			packageProductDependencies = (
				C15A868A287FAEDA00FABE0E /* SideMenu */,
				C15A868D287FAF5800FABE0E /* FSCalendar */,
				C15A8690287FAFC700FABE0E /* TextFieldEffects */,
				C15A8693287FBE4900FABE0E /* IQKeyboardManagerSwift */,
			);
			productName = SeSACWeek2;
			productReference = C103DBFB287BA44E00BCF202 /* SeSACWeek2.app */;
			productType = "com.apple.product-type.application";
		};
/* End PBXNativeTarget section */

/* Begin PBXProject section */
		C103DBF3287BA44E00BCF202 /* Project object */ = {
			isa = PBXProject;
			attributes = {
				BuildIndependentTargetsInParallel = 1;
				LastSwiftUpdateCheck = 1340;
				LastUpgradeCheck = 1340;
				TargetAttributes = {
					C103DBFA287BA44E00BCF202 = {
						CreatedOnToolsVersion = 13.4.1;
					};
				};
			};
			buildConfigurationList = C103DBF6287BA44E00BCF202 /* Build configuration list for PBXProject "SeSACWeek2" */;
			compatibilityVersion = "Xcode 13.0";
			developmentRegion = en;
			hasScannedForEncodings = 0;
			knownRegions = (
				en,
				Base,
			);
			mainGroup = C103DBF2287BA44E00BCF202;
			packageReferences = (
				C15A8689287FAEDA00FABE0E /* XCRemoteSwiftPackageReference "SideMenu" */,
				C15A868C287FAF5800FABE0E /* XCRemoteSwiftPackageReference "FSCalendar" */,
				C15A868F287FAFC700FABE0E /* XCRemoteSwiftPackageReference "TextFieldEffects" */,
				C15A8692287FBE4900FABE0E /* XCRemoteSwiftPackageReference "IQKeyboardManager" */,
			);
			productRefGroup = C103DBFC287BA44E00BCF202 /* Products */;
			projectDirPath = "";
			projectRoot = "";
			targets = (
				C103DBFA287BA44E00BCF202 /* SeSACWeek2 */,
			);
		};
/* End PBXProject section */

/* Begin PBXResourcesBuildPhase section */
		C103DBF9287BA44E00BCF202 /* Resources */ = {
			isa = PBXResourcesBuildPhase;
			buildActionMask = 2147483647;
			files = (
				C103DC0B287BA44E00BCF202 /* LaunchScreen.storyboard in Resources */,
				C103DC08287BA44E00BCF202 /* Assets.xcassets in Resources */,
				C103DC06287BA44E00BCF202 /* Main.storyboard in Resources */,
				C15A8686287FA68100FABE0E /* Setting.storyboard in Resources */,
				C15A8688287FA82600FABE0E /* Search.storyboard in Resources */,
			);
			runOnlyForDeploymentPostprocessing = 0;
		};
/* End PBXResourcesBuildPhase section */

/* Begin PBXSourcesBuildPhase section */
		C103DBF7287BA44E00BCF202 /* Sources */ = {
			isa = PBXSourcesBuildPhase;
			buildActionMask = 2147483647;
			files = (
				C1B7EAD0287FF249000F422E /* CalculViewController.swift in Sources */,
				C103DC03287BA44E00BCF202 /* ViewController.swift in Sources */,
				C1EF2D45287D066D008E0516 /* StackViewController.swift in Sources */,
				C1EF2D49287D213A008E0516 /* SegmentedViewController.swift in Sources */,
				C103DBFF287BA44E00BCF202 /* AppDelegate.swift in Sources */,
				C15A8684287FA5BB00FABE0E /* ImageViewController.swift in Sources */,
				C15A8696287FC2C300FABE0E /* SettingViewController.swift in Sources */,
				C103DC01287BA44E00BCF202 /* SceneDelegate.swift in Sources */,
			);
			runOnlyForDeploymentPostprocessing = 0;
		};
/* End PBXSourcesBuildPhase section */

/* Begin PBXVariantGroup section */
		C103DC04287BA44E00BCF202 /* Main.storyboard */ = {
			isa = PBXVariantGroup;
			children = (
				C103DC05287BA44E00BCF202 /* Base */,
			);
			name = Main.storyboard;
			sourceTree = "<group>";
		};
		C103DC09287BA44E00BCF202 /* LaunchScreen.storyboard */ = {
			isa = PBXVariantGroup;
			children = (
				C103DC0A287BA44E00BCF202 /* Base */,
			);
			name = LaunchScreen.storyboard;
			sourceTree = "<group>";
		};
/* End PBXVariantGroup section */

/* Begin XCBuildConfiguration section */
		C103DC0D287BA44E00BCF202 /* Debug */ = {
			isa = XCBuildConfiguration;
			buildSettings = {
				ALWAYS_SEARCH_USER_PATHS = NO;
				CLANG_ANALYZER_NONNULL = YES;
				CLANG_ANALYZER_NUMBER_OBJECT_CONVERSION = YES_AGGRESSIVE;
				CLANG_CXX_LANGUAGE_STANDARD = "gnu++17";
				CLANG_ENABLE_MODULES = YES;
				CLANG_ENABLE_OBJC_ARC = YES;
				CLANG_ENABLE_OBJC_WEAK = YES;
				CLANG_WARN_BLOCK_CAPTURE_AUTORELEASING = YES;
				CLANG_WARN_BOOL_CONVERSION = YES;
				CLANG_WARN_COMMA = YES;
				CLANG_WARN_CONSTANT_CONVERSION = YES;
				CLANG_WARN_DEPRECATED_OBJC_IMPLEMENTATIONS = YES;
				CLANG_WARN_DIRECT_OBJC_ISA_USAGE = YES_ERROR;
				CLANG_WARN_DOCUMENTATION_COMMENTS = YES;
				CLANG_WARN_EMPTY_BODY = YES;
				CLANG_WARN_ENUM_CONVERSION = YES;
				CLANG_WARN_INFINITE_RECURSION = YES;
				CLANG_WARN_INT_CONVERSION = YES;
				CLANG_WARN_NON_LITERAL_NULL_CONVERSION = YES;
				CLANG_WARN_OBJC_IMPLICIT_RETAIN_SELF = YES;
				CLANG_WARN_OBJC_LITERAL_CONVERSION = YES;
				CLANG_WARN_OBJC_ROOT_CLASS = YES_ERROR;
				CLANG_WARN_QUOTED_INCLUDE_IN_FRAMEWORK_HEADER = YES;
				CLANG_WARN_RANGE_LOOP_ANALYSIS = YES;
				CLANG_WARN_STRICT_PROTOTYPES = YES;
				CLANG_WARN_SUSPICIOUS_MOVE = YES;
				CLANG_WARN_UNGUARDED_AVAILABILITY = YES_AGGRESSIVE;
				CLANG_WARN_UNREACHABLE_CODE = YES;
				CLANG_WARN__DUPLICATE_METHOD_MATCH = YES;
				COPY_PHASE_STRIP = NO;
				DEBUG_INFORMATION_FORMAT = dwarf;
				ENABLE_STRICT_OBJC_MSGSEND = YES;
				ENABLE_TESTABILITY = YES;
				GCC_C_LANGUAGE_STANDARD = gnu11;
				GCC_DYNAMIC_NO_PIC = NO;
				GCC_NO_COMMON_BLOCKS = YES;
				GCC_OPTIMIZATION_LEVEL = 0;
				GCC_PREPROCESSOR_DEFINITIONS = (
					"DEBUG=1",
					"$(inherited)",
				);
				GCC_WARN_64_TO_32_BIT_CONVERSION = YES;
				GCC_WARN_ABOUT_RETURN_TYPE = YES_ERROR;
				GCC_WARN_UNDECLARED_SELECTOR = YES;
				GCC_WARN_UNINITIALIZED_AUTOS = YES_AGGRESSIVE;
				GCC_WARN_UNUSED_FUNCTION = YES;
				GCC_WARN_UNUSED_VARIABLE = YES;
				IPHONEOS_DEPLOYMENT_TARGET = 15.5;
				MTL_ENABLE_DEBUG_INFO = INCLUDE_SOURCE;
				MTL_FAST_MATH = YES;
				ONLY_ACTIVE_ARCH = YES;
				SDKROOT = iphoneos;
				SWIFT_ACTIVE_COMPILATION_CONDITIONS = DEBUG;
				SWIFT_OPTIMIZATION_LEVEL = "-Onone";
			};
			name = Debug;
		};
		C103DC0E287BA44E00BCF202 /* Release */ = {
			isa = XCBuildConfiguration;
			buildSettings = {
				ALWAYS_SEARCH_USER_PATHS = NO;
				CLANG_ANALYZER_NONNULL = YES;
				CLANG_ANALYZER_NUMBER_OBJECT_CONVERSION = YES_AGGRESSIVE;
				CLANG_CXX_LANGUAGE_STANDARD = "gnu++17";
				CLANG_ENABLE_MODULES = YES;
				CLANG_ENABLE_OBJC_ARC = YES;
				CLANG_ENABLE_OBJC_WEAK = YES;
				CLANG_WARN_BLOCK_CAPTURE_AUTORELEASING = YES;
				CLANG_WARN_BOOL_CONVERSION = YES;
				CLANG_WARN_COMMA = YES;
				CLANG_WARN_CONSTANT_CONVERSION = YES;
				CLANG_WARN_DEPRECATED_OBJC_IMPLEMENTATIONS = YES;
				CLANG_WARN_DIRECT_OBJC_ISA_USAGE = YES_ERROR;
				CLANG_WARN_DOCUMENTATION_COMMENTS = YES;
				CLANG_WARN_EMPTY_BODY = YES;
				CLANG_WARN_ENUM_CONVERSION = YES;
				CLANG_WARN_INFINITE_RECURSION = YES;
				CLANG_WARN_INT_CONVERSION = YES;
				CLANG_WARN_NON_LITERAL_NULL_CONVERSION = YES;
				CLANG_WARN_OBJC_IMPLICIT_RETAIN_SELF = YES;
				CLANG_WARN_OBJC_LITERAL_CONVERSION = YES;
				CLANG_WARN_OBJC_ROOT_CLASS = YES_ERROR;
				CLANG_WARN_QUOTED_INCLUDE_IN_FRAMEWORK_HEADER = YES;
				CLANG_WARN_RANGE_LOOP_ANALYSIS = YES;
				CLANG_WARN_STRICT_PROTOTYPES = YES;
				CLANG_WARN_SUSPICIOUS_MOVE = YES;
				CLANG_WARN_UNGUARDED_AVAILABILITY = YES_AGGRESSIVE;
				CLANG_WARN_UNREACHABLE_CODE = YES;
				CLANG_WARN__DUPLICATE_METHOD_MATCH = YES;
				COPY_PHASE_STRIP = NO;
				DEBUG_INFORMATION_FORMAT = "dwarf-with-dsym";
				ENABLE_NS_ASSERTIONS = NO;
				ENABLE_STRICT_OBJC_MSGSEND = YES;
				GCC_C_LANGUAGE_STANDARD = gnu11;
				GCC_NO_COMMON_BLOCKS = YES;
				GCC_WARN_64_TO_32_BIT_CONVERSION = YES;
				GCC_WARN_ABOUT_RETURN_TYPE = YES_ERROR;
				GCC_WARN_UNDECLARED_SELECTOR = YES;
				GCC_WARN_UNINITIALIZED_AUTOS = YES_AGGRESSIVE;
				GCC_WARN_UNUSED_FUNCTION = YES;
				GCC_WARN_UNUSED_VARIABLE = YES;
				IPHONEOS_DEPLOYMENT_TARGET = 15.5;
				MTL_ENABLE_DEBUG_INFO = NO;
				MTL_FAST_MATH = YES;
				SDKROOT = iphoneos;
				SWIFT_COMPILATION_MODE = wholemodule;
				SWIFT_OPTIMIZATION_LEVEL = "-O";
				VALIDATE_PRODUCT = YES;
			};
			name = Release;
		};
		C103DC10287BA44E00BCF202 /* Debug */ = {
			isa = XCBuildConfiguration;
			buildSettings = {
				ASSETCATALOG_COMPILER_APPICON_NAME = AppIcon;
				ASSETCATALOG_COMPILER_GLOBAL_ACCENT_COLOR_NAME = AccentColor;
				CODE_SIGN_STYLE = Automatic;
				CURRENT_PROJECT_VERSION = 1;
				GENERATE_INFOPLIST_FILE = YES;
				INFOPLIST_FILE = SeSACWeek2/Info.plist;
				INFOPLIST_KEY_UIApplicationSupportsIndirectInputEvents = YES;
				INFOPLIST_KEY_UILaunchStoryboardName = LaunchScreen;
				INFOPLIST_KEY_UIMainStoryboardFile = Main;
				INFOPLIST_KEY_UISupportedInterfaceOrientations_iPad = "UIInterfaceOrientationPortrait UIInterfaceOrientationPortraitUpsideDown UIInterfaceOrientationLandscapeLeft UIInterfaceOrientationLandscapeRight";
				INFOPLIST_KEY_UISupportedInterfaceOrientations_iPhone = "UIInterfaceOrientationPortrait UIInterfaceOrientationLandscapeLeft UIInterfaceOrientationLandscapeRight";
				IPHONEOS_DEPLOYMENT_TARGET = 13.4;
				LD_RUNPATH_SEARCH_PATHS = (
					"$(inherited)",
					"@executable_path/Frameworks",
				);
				MARKETING_VERSION = 1.0;
				PRODUCT_BUNDLE_IDENTIFIER = com.skylerLee.SeSACWeek2;
				PRODUCT_NAME = "$(TARGET_NAME)";
				SWIFT_EMIT_LOC_STRINGS = YES;
				SWIFT_VERSION = 5.0;
				TARGETED_DEVICE_FAMILY = 1;
			};
			name = Debug;
		};
		C103DC11287BA44E00BCF202 /* Release */ = {
			isa = XCBuildConfiguration;
			buildSettings = {
				ASSETCATALOG_COMPILER_APPICON_NAME = AppIcon;
				ASSETCATALOG_COMPILER_GLOBAL_ACCENT_COLOR_NAME = AccentColor;
				CODE_SIGN_STYLE = Automatic;
				CURRENT_PROJECT_VERSION = 1;
				GENERATE_INFOPLIST_FILE = YES;
				INFOPLIST_FILE = SeSACWeek2/Info.plist;
				INFOPLIST_KEY_UIApplicationSupportsIndirectInputEvents = YES;
				INFOPLIST_KEY_UILaunchStoryboardName = LaunchScreen;
				INFOPLIST_KEY_UIMainStoryboardFile = Main;
				INFOPLIST_KEY_UISupportedInterfaceOrientations_iPad = "UIInterfaceOrientationPortrait UIInterfaceOrientationPortraitUpsideDown UIInterfaceOrientationLandscapeLeft UIInterfaceOrientationLandscapeRight";
				INFOPLIST_KEY_UISupportedInterfaceOrientations_iPhone = "UIInterfaceOrientationPortrait UIInterfaceOrientationLandscapeLeft UIInterfaceOrientationLandscapeRight";
				IPHONEOS_DEPLOYMENT_TARGET = 13.4;
				LD_RUNPATH_SEARCH_PATHS = (
					"$(inherited)",
					"@executable_path/Frameworks",
				);
				MARKETING_VERSION = 1.0;
				PRODUCT_BUNDLE_IDENTIFIER = com.skylerLee.SeSACWeek2;
				PRODUCT_NAME = "$(TARGET_NAME)";
				SWIFT_EMIT_LOC_STRINGS = YES;
				SWIFT_VERSION = 5.0;
				TARGETED_DEVICE_FAMILY = 1;
			};
			name = Release;
		};
/* End XCBuildConfiguration section */

/* Begin XCConfigurationList section */
		C103DBF6287BA44E00BCF202 /* Build configuration list for PBXProject "SeSACWeek2" */ = {
			isa = XCConfigurationList;
			buildConfigurations = (
				C103DC0D287BA44E00BCF202 /* Debug */,
				C103DC0E287BA44E00BCF202 /* Release */,
			);
			defaultConfigurationIsVisible = 0;
			defaultConfigurationName = Release;
		};
		C103DC0F287BA44E00BCF202 /* Build configuration list for PBXNativeTarget "SeSACWeek2" */ = {
			isa = XCConfigurationList;
			buildConfigurations = (
				C103DC10287BA44E00BCF202 /* Debug */,
				C103DC11287BA44E00BCF202 /* Release */,
			);
			defaultConfigurationIsVisible = 0;
			defaultConfigurationName = Release;
		};
/* End XCConfigurationList section */

/* Begin XCRemoteSwiftPackageReference section */
		C15A8689287FAEDA00FABE0E /* XCRemoteSwiftPackageReference "SideMenu" */ = {
			isa = XCRemoteSwiftPackageReference;
			repositoryURL = "https://github.com/jonkykong/SideMenu.git";
			requirement = {
				kind = upToNextMajorVersion;
				minimumVersion = 6.0.0;
			};
		};
		C15A868C287FAF5800FABE0E /* XCRemoteSwiftPackageReference "FSCalendar" */ = {
			isa = XCRemoteSwiftPackageReference;
			repositoryURL = "https://github.com/WenchaoD/FSCalendar.git";
			requirement = {
				kind = upToNextMajorVersion;
				minimumVersion = 2.0.0;
			};
		};
		C15A868F287FAFC700FABE0E /* XCRemoteSwiftPackageReference "TextFieldEffects" */ = {
			isa = XCRemoteSwiftPackageReference;
			repositoryURL = "https://github.com/raulriera/TextFieldEffects.git";
			requirement = {
				kind = upToNextMajorVersion;
				minimumVersion = 1.0.0;
			};
		};
		C15A8692287FBE4900FABE0E /* XCRemoteSwiftPackageReference "IQKeyboardManager" */ = {
			isa = XCRemoteSwiftPackageReference;
			repositoryURL = "https://github.com/hackiftekhar/IQKeyboardManager.git";
			requirement = {
				kind = exactVersion;
				version = 6.5.0;
			};
		};
/* End XCRemoteSwiftPackageReference section */

/* Begin XCSwiftPackageProductDependency section */
		C15A868A287FAEDA00FABE0E /* SideMenu */ = {
			isa = XCSwiftPackageProductDependency;
			package = C15A8689287FAEDA00FABE0E /* XCRemoteSwiftPackageReference "SideMenu" */;
			productName = SideMenu;
		};
		C15A868D287FAF5800FABE0E /* FSCalendar */ = {
			isa = XCSwiftPackageProductDependency;
			package = C15A868C287FAF5800FABE0E /* XCRemoteSwiftPackageReference "FSCalendar" */;
			productName = FSCalendar;
		};
		C15A8690287FAFC700FABE0E /* TextFieldEffects */ = {
			isa = XCSwiftPackageProductDependency;
			package = C15A868F287FAFC700FABE0E /* XCRemoteSwiftPackageReference "TextFieldEffects" */;
			productName = TextFieldEffects;
		};
		C15A8693287FBE4900FABE0E /* IQKeyboardManagerSwift */ = {
			isa = XCSwiftPackageProductDependency;
			package = C15A8692287FBE4900FABE0E /* XCRemoteSwiftPackageReference "IQKeyboardManager" */;
			productName = IQKeyboardManagerSwift;
		};
/* End XCSwiftPackageProductDependency section */
	};
	rootObject = C103DBF3287BA44E00BCF202 /* Project object */;
}
